<?xml version="1.0" encoding="utf-8"?>
<Project ToolsVersion="4.0" xmlns="http://schemas.microsoft.com/developer/msbuild/2003">
  <ItemGroup>
    <ClCompile Include="Code\Main.cpp" />
    <ClCompile Include="Code\Blueprint Converter\BlueprintConverter.cpp" />
    <ClCompile Include="Code\Blueprint Converter\Blueprint Writer\BlueprintWriter.cpp" />
    <ClCompile Include="Code\Gui\Implementation\About.cpp" />
    <ClCompile Include="Code\Gui\Implementation\GeneratorSettings.cpp" />
    <ClCompile Include="Code\Gui\Implementation\MainGUI.cpp" />
    <ClCompile Include="Code\Gui\Implementation\SettingsGUI.cpp" />
    <ClCompile Include="Code\Object Database\Keyword Replacer\KeywordReplacer.cpp" />
    <ClCompile Include="Code\Object Database\Language Database\LanguageDatabase.cpp" />
    <ClCompile Include="Code\Object Database\Texture Database\TextureDatabase.cpp" />
    <ClCompile Include="Code\Lib\File\FileFunc.cpp" />
    <ClCompile Include="Code\Lib\GuiLib\GuiLib.cpp" />
    <ClCompile Include="Code\Lib\Json\JsonFunc.cpp" />
    <ClCompile Include="Code\Lib\OtherFunc\OtherFunc.cpp" />
    <ClCompile Include="Code\Lib\ProgramSettings.cpp" />
    <ClCompile Include="Code\Gui\Implementation\ModList.cpp" />
    <ClCompile Include="Code\Object Database\Database Loader\DatabaseLoader.cpp" />
    <ClCompile Include="Code\Object Database\Mod Data\ModData.cpp" />
    <ClCompile Include="Code\DebugCon.cpp" />
    <ClCompile Include="Code\Lib\String\String.cpp" />
    <ClCompile Include="Code\Object Database\Blueprint\Blueprint.cpp" />
    <ClCompile Include="Code\Lib\ConvData\ConvData.cpp" />
    <ClCompile Include="Code\Object Database\Object Data\ObjectData.cpp" />
    <ClCompile Include="Code\Lib\Uuid\Uuid.cpp" />
    <ClCompile Include="Code\Blueprint Converter\Convert Settings\ConvertSettings.cpp" />
    <ClCompile Include="Code\Blueprint Converter\Object Definitions\Entity\Entity.cpp" />
    <ClCompile Include="Code\Blueprint Converter\Object Definitions\Model\Model.cpp" />
    <ClCompile Include="Code\Blueprint Converter\Model Storage\ModelStorage.cpp" />
    <ClCompile Include="Code\Lib\Color\Color.cpp" />
    <ClCompile Include="Code\Blueprint Converter\Object Definitions\Entity\Block\Block.cpp" />
    <ClCompile Include="Code\Blueprint Converter\Object Definitions\Entity\Body\Body.cpp" />
    <ClCompile Include="Code\Blueprint Converter\Object Definitions\Entity\Joint\Joint.cpp" />
    <ClCompile Include="Code\Blueprint Converter\Object Definitions\Entity\Part\Part.cpp" />
    <ClCompile Include="Code\Blueprint Converter\OffsetData\OffsetData.cpp" />
    <ClCompile Include="Code\Blueprint Converter\Object Definitions\Entity\BlueprintData\BlueprintData.cpp" />
    <ClCompile Include="Code\Object Database\Rotations\ObjectRotations.cpp" />
    <ClCompile Include="Code\Blueprint Converter\Object Definitions\Model\BlockModel.cpp" />
  </ItemGroup>
  <ItemGroup>
    <ClInclude Include="Code\Blueprint Converter\BlueprintConverter.h" />
    <ClInclude Include="Code\Blueprint Converter\Blueprint Writer\BlueprintWriter.h" />
    <ClInclude Include="Code\Gui\About.h" />
    <ClInclude Include="Code\Gui\GeneratorSettings.h" />
    <ClInclude Include="Code\Gui\MainGUI.h" />
    <ClInclude Include="Code\Gui\SettingsGUI.h" />
    <ClInclude Include="Code\Object Database\Keyword Replacer\KeywordReplacer.h" />
    <ClInclude Include="Code\Object Database\Language Database\LanguageDatabase.h" />
    <ClInclude Include="Code\Object Database\Texture Database\TextureDatabase.h" />
    <ClInclude Include="Code\Lib\File\FileFunc.h" />
    <ClInclude Include="Code\Lib\GuiLib\GuiLib.h" />
    <ClInclude Include="Code\Lib\Json\JsonFunc.h" />
    <ClInclude Include="Code\Lib\OtherFunc\OtherFunc.h" />
    <ClInclude Include="Code\Lib\ProgramSettings.h" />
    <ClInclude Include="Code\Lib\Bit.h" />
    <ClInclude Include="Code\Gui\ModList.h" />
    <ClInclude Include="Code\Lib\BuildVersion.h" />
    <ClInclude Include="Code\Object Database\Database Loader\DatabaseLoader.h" />
    <ClInclude Include="Code\Object Database\Mod Data\ModData.h" />
    <ClInclude Include="Code\DebugCon.h" />
    <ClInclude Include="Code\Lib\String\String.h" />
    <ClInclude Include="Code\Object Database\Blueprint\Blueprint.h" />
    <ClInclude Include="Code\Lib\ConvData\ConvData.h" />
    <ClInclude Include="Code\Object Database\Object Data\ObjectData.h" />
    <ClInclude Include="Code\Lib\Uuid\Uuid.h" />
    <ClInclude Include="Code\Blueprint Converter\Convert Settings\ConvertSettings.h" />
    <ClInclude Include="Code\Blueprint Converter\Object Definitions\Entity\Entity.h" />
    <ClInclude Include="Code\Blueprint Converter\Object Definitions\Model\Model.h" />
    <ClInclude Include="Code\Blueprint Converter\Model Storage\ModelStorage.h" />
    <ClInclude Include="Code\Lib\Color\Color.h" />
    <ClInclude Include="Code\Blueprint Converter\Object Definitions\Entity\Block\Block.h" />
    <ClInclude Include="Code\Blueprint Converter\Object Definitions\Entity\Body\Body.h" />
    <ClInclude Include="Code\Blueprint Converter\Object Definitions\Entity\Joint\Joint.h" />
    <ClInclude Include="Code\Blueprint Converter\Object Definitions\Entity\Part\Part.h" />
    <ClInclude Include="Code\Blueprint Converter\OffsetData\OffsetData.h" />
    <ClInclude Include="Code\Blueprint Converter\Object Definitions\Entity\BlueprintData\BlueprintData.h" />
    <ClInclude Include="Code\Object Database\Rotations\ObjectRotations.hpp" />
    <ClInclude Include="Code\Blueprint Converter\Object Definitions\Model\BlockModel.h" />
    <ClInclude Include="Code\BuildConfig.hpp" />
  </ItemGroup>
</Project>